
Microsoft Visual Studio Solution File, Format Version 12.00
# Visual Studio Version 16
VisualStudioVersion = 16.0.30717.126
MinimumVisualStudioVersion = 10.0.40219.1
Project("{8BC9CEB8-8B4A-11D0-8D11-00A0C91BC942}") = "TD1-EX3", "TD1-EX3\TD1-EX3.vcxproj", "{090279C3-DAF1-4A5D-B756-6658A342B8AF}"
EndProject
Global
	GlobalSection(SolutionConfigurationPlatforms) = preSolution
		Debug|x64 = Debug|x64
		Debug|x86 = Debug|x86
		Release|x64 = Release|x64
		Release|x86 = Release|x86
	EndGlobalSection
	GlobalSection(ProjectConfigurationPlatforms) = postSolution
		{090279C3-DAF1-4A5D-B756-6658A342B8AF}.Debug|x64.ActiveCfg = Debug|x64
		{090279C3-DAF1-4A5D-B756-6658A342B8AF}.Debug|x64.Build.0 = Debug|x64
		{090279C3-DAF1-4A5D-B756-6658A342B8AF}.Debug|x86.ActiveCfg = Debug|Win32
		{090279C3-DAF1-4A5D-B756-6658A342B8AF}.Debug|x86.Build.0 = Debug|Win32
		{090279C3-DAF1-4A5D-B756-6658A342B8AF}.Release|x64.ActiveCfg = Release|x64
		{090279C3-DAF1-4A5D-B756-6658A342B8AF}.Release|x64.Build.0 = Release|x64
		{090279C3-DAF1-4A5D-B756-6658A342B8AF}.Release|x86.ActiveCfg = Release|Win32
		{090279C3-DAF1-4A5D-B756-6658A342B8AF}.Release|x86.Build.0 = Release|Win32
	EndGlobalSection
	GlobalSection(SolutionProperties) = preSolution
		HideSolutionNode = FALSE
	EndGlobalSection
	GlobalSection(ExtensibilityGlobals) = postSolution
		SolutionGuid = {CAD62F1A-632A-40F4-8C53-8852A9A48FC5}
	EndGlobalSection
EndGlobal
